
Microsoft Visual Studio Solution File, Format Version 12.00
# Visual Studio Version 16
VisualStudioVersion = 16.0.29201.188
MinimumVisualStudioVersion = 10.0.40219.1
Project("{FAE04EC0-301F-11D3-BF4B-00C04F79EFBC}") = "HomeBankingV1.0", "HomeBankingV1.0.csproj", "{77665D17-3E95-4DB2-911E-8BAF0B8B6A76}"
EndProject
Global
	GlobalSection(SolutionConfigurationPlatforms) = preSolution
		Debug|Any CPU = Debug|Any CPU
		Release|Any CPU = Release|Any CPU
	EndGlobalSection
	GlobalSection(ProjectConfigurationPlatforms) = postSolution
		{77665D17-3E95-4DB2-911E-8BAF0B8B6A76}.Debug|Any CPU.ActiveCfg = Debug|Any CPU
		{77665D17-3E95-4DB2-911E-8BAF0B8B6A76}.Debug|Any CPU.Build.0 = Debug|Any CPU
		{77665D17-3E95-4DB2-911E-8BAF0B8B6A76}.Release|Any CPU.ActiveCfg = Release|Any CPU
		{77665D17-3E95-4DB2-911E-8BAF0B8B6A76}.Release|Any CPU.Build.0 = Release|Any CPU
	EndGlobalSection
	GlobalSection(SolutionProperties) = preSolution
		HideSolutionNode = FALSE
	EndGlobalSection
	GlobalSection(ExtensibilityGlobals) = postSolution
		SolutionGuid = {1D1ED10B-9EB1-4EE7-B6A8-CC2674F2148F}
	EndGlobalSection
EndGlobal
